
Microsoft Visual Studio Solution File, Format Version 12.00
# Visual Studio 2013
VisualStudioVersion = 12.0.30723.0
MinimumVisualStudioVersion = 10.0.40219.1
Project("{FAE04EC0-301F-11D3-BF4B-00C04F79EFBC}") = "SmokedGBSharp", "SmokedGBSharp\SmokedGBSharp.csproj", "{1FE27EC5-F81B-4463-B4CA-65C158E35286}"
EndProject
Project("{FAE04EC0-301F-11D3-BF4B-00C04F79EFBC}") = "CpuEmulatorGenerator", "CpuEmulatorGenerator\CpuEmulatorGenerator.csproj", "{BA81D960-E683-48DA-9F08-14B6123B3511}"
EndProject
Project("{FAE04EC0-301F-11D3-BF4B-00C04F79EFBC}") = "AgateLib", "Agate\AgateLib\AgateLib.csproj", "{9490B719-829E-43A7-A5FE-8001F8A81759}"
EndProject
Project("{FAE04EC0-301F-11D3-BF4B-00C04F79EFBC}") = "AgateLib.OpenGL", "Agate\AgateLib.OpenGL\AgateLib.OpenGL.csproj", "{94734E5A-0344-43E8-BB30-E32E3F57F611}"
EndProject
Project("{FAE04EC0-301F-11D3-BF4B-00C04F79EFBC}") = "AgateLib.Platform.Common", "Agate\AgateLib.Platform.Common\AgateLib.Platform.Common.csproj", "{FC9E7036-AA75-4A6B-82DB-0F5E98B5FBCB}"
EndProject
Project("{FAE04EC0-301F-11D3-BF4B-00C04F79EFBC}") = "AgateLib.AgateSDL", "Agate\AgateLib.AgateSDL\AgateLib.AgateSDL.csproj", "{935D67A0-931E-46DE-9F6A-2D6DBC99AFF3}"
EndProject
Project("{FAE04EC0-301F-11D3-BF4B-00C04F79EFBC}") = "AgateLib.Platform.WinForms", "Agate\AgateLib.Platform.WinForms\AgateLib.Platform.WinForms.csproj", "{4B12561E-D37B-48A1-B6DB-218E94906C22}"
EndProject
Project("{2150E333-8FDC-42A3-9474-1A3956D46DE8}") = ".build", ".build", "{7AF43E6F-EB32-4C04-B235-5CA76E35ABDF}"
	ProjectSection(SolutionItems) = preProject
		Build.proj = Build.proj
		.build\MSBuild.Community.Tasks.dll = .build\MSBuild.Community.Tasks.dll
		.build\MSBuild.Community.Tasks.targets = .build\MSBuild.Community.Tasks.targets
	EndProjectSection
EndProject
Global
	GlobalSection(SolutionConfigurationPlatforms) = preSolution
		Debug|Any CPU = Debug|Any CPU
		Debug|Mixed Platforms = Debug|Mixed Platforms
		Debug|Win32 = Debug|Win32
		Debug|x64 = Debug|x64
		Debug|x86 = Debug|x86
		Release|Any CPU = Release|Any CPU
		Release|Mixed Platforms = Release|Mixed Platforms
		Release|Win32 = Release|Win32
		Release|x64 = Release|x64
		Release|x86 = Release|x86
	EndGlobalSection
	GlobalSection(ProjectConfigurationPlatforms) = postSolution
		{1FE27EC5-F81B-4463-B4CA-65C158E35286}.Debug|Any CPU.ActiveCfg = Debug|Any CPU
		{1FE27EC5-F81B-4463-B4CA-65C158E35286}.Debug|Any CPU.Build.0 = Debug|Any CPU
		{1FE27EC5-F81B-4463-B4CA-65C158E35286}.Debug|Mixed Platforms.ActiveCfg = Debug|Any CPU
		{1FE27EC5-F81B-4463-B4CA-65C158E35286}.Debug|Mixed Platforms.Build.0 = Debug|Any CPU
		{1FE27EC5-F81B-4463-B4CA-65C158E35286}.Debug|Win32.ActiveCfg = Debug|Any CPU
		{1FE27EC5-F81B-4463-B4CA-65C158E35286}.Debug|x64.ActiveCfg = Debug|Any CPU
		{1FE27EC5-F81B-4463-B4CA-65C158E35286}.Debug|x86.ActiveCfg = Debug|x86
		{1FE27EC5-F81B-4463-B4CA-65C158E35286}.Debug|x86.Build.0 = Debug|x86
		{1FE27EC5-F81B-4463-B4CA-65C158E35286}.Release|Any CPU.ActiveCfg = Release|Any CPU
		{1FE27EC5-F81B-4463-B4CA-65C158E35286}.Release|Any CPU.Build.0 = Release|Any CPU
		{1FE27EC5-F81B-4463-B4CA-65C158E35286}.Release|Mixed Platforms.ActiveCfg = Release|Any CPU
		{1FE27EC5-F81B-4463-B4CA-65C158E35286}.Release|Mixed Platforms.Build.0 = Release|Any CPU
		{1FE27EC5-F81B-4463-B4CA-65C158E35286}.Release|Win32.ActiveCfg = Release|Any CPU
		{1FE27EC5-F81B-4463-B4CA-65C158E35286}.Release|x64.ActiveCfg = Release|Any CPU
		{1FE27EC5-F81B-4463-B4CA-65C158E35286}.Release|x86.ActiveCfg = Release|x86
		{1FE27EC5-F81B-4463-B4CA-65C158E35286}.Release|x86.Build.0 = Release|x86
		{BA81D960-E683-48DA-9F08-14B6123B3511}.Debug|Any CPU.ActiveCfg = Debug|Any CPU
		{BA81D960-E683-48DA-9F08-14B6123B3511}.Debug|Any CPU.Build.0 = Debug|Any CPU
		{BA81D960-E683-48DA-9F08-14B6123B3511}.Debug|Mixed Platforms.ActiveCfg = Debug|Any CPU
		{BA81D960-E683-48DA-9F08-14B6123B3511}.Debug|Mixed Platforms.Build.0 = Debug|Any CPU
		{BA81D960-E683-48DA-9F08-14B6123B3511}.Debug|Win32.ActiveCfg = Debug|Any CPU
		{BA81D960-E683-48DA-9F08-14B6123B3511}.Debug|x64.ActiveCfg = Debug|Any CPU
		{BA81D960-E683-48DA-9F08-14B6123B3511}.Debug|x86.ActiveCfg = Debug|x86
		{BA81D960-E683-48DA-9F08-14B6123B3511}.Debug|x86.Build.0 = Debug|x86
		{BA81D960-E683-48DA-9F08-14B6123B3511}.Release|Any CPU.ActiveCfg = Release|Any CPU
		{BA81D960-E683-48DA-9F08-14B6123B3511}.Release|Any CPU.Build.0 = Release|Any CPU
		{BA81D960-E683-48DA-9F08-14B6123B3511}.Release|Mixed Platforms.ActiveCfg = Release|Any CPU
		{BA81D960-E683-48DA-9F08-14B6123B3511}.Release|Mixed Platforms.Build.0 = Release|Any CPU
		{BA81D960-E683-48DA-9F08-14B6123B3511}.Release|Win32.ActiveCfg = Release|Any CPU
		{BA81D960-E683-48DA-9F08-14B6123B3511}.Release|x64.ActiveCfg = Release|Any CPU
		{BA81D960-E683-48DA-9F08-14B6123B3511}.Release|x86.ActiveCfg = Release|x86
		{BA81D960-E683-48DA-9F08-14B6123B3511}.Release|x86.Build.0 = Release|x86
		{9490B719-829E-43A7-A5FE-8001F8A81759}.Debug|Any CPU.ActiveCfg = Debug|Any CPU
		{9490B719-829E-43A7-A5FE-8001F8A81759}.Debug|Any CPU.Build.0 = Debug|Any CPU
		{9490B719-829E-43A7-A5FE-8001F8A81759}.Debug|Mixed Platforms.ActiveCfg = Debug|Any CPU
		{9490B719-829E-43A7-A5FE-8001F8A81759}.Debug|Mixed Platforms.Build.0 = Debug|Any CPU
		{9490B719-829E-43A7-A5FE-8001F8A81759}.Debug|Win32.ActiveCfg = Debug|Any CPU
		{9490B719-829E-43A7-A5FE-8001F8A81759}.Debug|x64.ActiveCfg = Debug|Any CPU
		{9490B719-829E-43A7-A5FE-8001F8A81759}.Debug|x86.ActiveCfg = Debug|Any CPU
		{9490B719-829E-43A7-A5FE-8001F8A81759}.Release|Any CPU.ActiveCfg = Release|Any CPU
		{9490B719-829E-43A7-A5FE-8001F8A81759}.Release|Any CPU.Build.0 = Release|Any CPU
		{9490B719-829E-43A7-A5FE-8001F8A81759}.Release|Mixed Platforms.ActiveCfg = Release|Any CPU
		{9490B719-829E-43A7-A5FE-8001F8A81759}.Release|Mixed Platforms.Build.0 = Release|Any CPU
		{9490B719-829E-43A7-A5FE-8001F8A81759}.Release|Win32.ActiveCfg = Release|Any CPU
		{9490B719-829E-43A7-A5FE-8001F8A81759}.Release|x64.ActiveCfg = Release|Any CPU
		{9490B719-829E-43A7-A5FE-8001F8A81759}.Release|x86.ActiveCfg = Release|Any CPU
		{94734E5A-0344-43E8-BB30-E32E3F57F611}.Debug|Any CPU.ActiveCfg = Debug|Any CPU
		{94734E5A-0344-43E8-BB30-E32E3F57F611}.Debug|Any CPU.Build.0 = Debug|Any CPU
		{94734E5A-0344-43E8-BB30-E32E3F57F611}.Debug|Mixed Platforms.ActiveCfg = Debug|x86
		{94734E5A-0344-43E8-BB30-E32E3F57F611}.Debug|Mixed Platforms.Build.0 = Debug|x86
		{94734E5A-0344-43E8-BB30-E32E3F57F611}.Debug|Win32.ActiveCfg = Debug|x86
		{94734E5A-0344-43E8-BB30-E32E3F57F611}.Debug|Win32.Build.0 = Debug|x86
		{94734E5A-0344-43E8-BB30-E32E3F57F611}.Debug|x64.ActiveCfg = Debug|x64
		{94734E5A-0344-43E8-BB30-E32E3F57F611}.Debug|x64.Build.0 = Debug|x64
		{94734E5A-0344-43E8-BB30-E32E3F57F611}.Debug|x86.ActiveCfg = Debug|x86
		{94734E5A-0344-43E8-BB30-E32E3F57F611}.Debug|x86.Build.0 = Debug|x86
		{94734E5A-0344-43E8-BB30-E32E3F57F611}.Release|Any CPU.ActiveCfg = Release|Any CPU
		{94734E5A-0344-43E8-BB30-E32E3F57F611}.Release|Any CPU.Build.0 = Release|Any CPU
		{94734E5A-0344-43E8-BB30-E32E3F57F611}.Release|Mixed Platforms.ActiveCfg = Release|x86
		{94734E5A-0344-43E8-BB30-E32E3F57F611}.Release|Mixed Platforms.Build.0 = Release|x86
		{94734E5A-0344-43E8-BB30-E32E3F57F611}.Release|Win32.ActiveCfg = Release|x86
		{94734E5A-0344-43E8-BB30-E32E3F57F611}.Release|Win32.Build.0 = Release|x86
		{94734E5A-0344-43E8-BB30-E32E3F57F611}.Release|x64.ActiveCfg = Release|x64
		{94734E5A-0344-43E8-BB30-E32E3F57F611}.Release|x64.Build.0 = Release|x64
		{94734E5A-0344-43E8-BB30-E32E3F57F611}.Release|x86.ActiveCfg = Release|x86
		{94734E5A-0344-43E8-BB30-E32E3F57F611}.Release|x86.Build.0 = Release|x86
		{FC9E7036-AA75-4A6B-82DB-0F5E98B5FBCB}.Debug|Any CPU.ActiveCfg = Debug|Any CPU
		{FC9E7036-AA75-4A6B-82DB-0F5E98B5FBCB}.Debug|Any CPU.Build.0 = Debug|Any CPU
		{FC9E7036-AA75-4A6B-82DB-0F5E98B5FBCB}.Debug|Mixed Platforms.ActiveCfg = Debug|Any CPU
		{FC9E7036-AA75-4A6B-82DB-0F5E98B5FBCB}.Debug|Mixed Platforms.Build.0 = Debug|Any CPU
		{FC9E7036-AA75-4A6B-82DB-0F5E98B5FBCB}.Debug|Win32.ActiveCfg = Debug|Any CPU
		{FC9E7036-AA75-4A6B-82DB-0F5E98B5FBCB}.Debug|x64.ActiveCfg = Debug|Any CPU
		{FC9E7036-AA75-4A6B-82DB-0F5E98B5FBCB}.Debug|x86.ActiveCfg = Debug|Any CPU
		{FC9E7036-AA75-4A6B-82DB-0F5E98B5FBCB}.Release|Any CPU.ActiveCfg = Release|Any CPU
		{FC9E7036-AA75-4A6B-82DB-0F5E98B5FBCB}.Release|Any CPU.Build.0 = Release|Any CPU
		{FC9E7036-AA75-4A6B-82DB-0F5E98B5FBCB}.Release|Mixed Platforms.ActiveCfg = Release|Any CPU
		{FC9E7036-AA75-4A6B-82DB-0F5E98B5FBCB}.Release|Mixed Platforms.Build.0 = Release|Any CPU
		{FC9E7036-AA75-4A6B-82DB-0F5E98B5FBCB}.Release|Win32.ActiveCfg = Release|Any CPU
		{FC9E7036-AA75-4A6B-82DB-0F5E98B5FBCB}.Release|x64.ActiveCfg = Release|Any CPU
		{FC9E7036-AA75-4A6B-82DB-0F5E98B5FBCB}.Release|x86.ActiveCfg = Release|Any CPU
		{935D67A0-931E-46DE-9F6A-2D6DBC99AFF3}.Debug|Any CPU.ActiveCfg = Debug|Any CPU
		{935D67A0-931E-46DE-9F6A-2D6DBC99AFF3}.Debug|Any CPU.Build.0 = Debug|Any CPU
		{935D67A0-931E-46DE-9F6A-2D6DBC99AFF3}.Debug|Mixed Platforms.ActiveCfg = Debug|x86
		{935D67A0-931E-46DE-9F6A-2D6DBC99AFF3}.Debug|Mixed Platforms.Build.0 = Debug|x86
		{935D67A0-931E-46DE-9F6A-2D6DBC99AFF3}.Debug|Win32.ActiveCfg = Debug|x86
		{935D67A0-931E-46DE-9F6A-2D6DBC99AFF3}.Debug|Win32.Build.0 = Debug|x86
		{935D67A0-931E-46DE-9F6A-2D6DBC99AFF3}.Debug|x64.ActiveCfg = Debug|x64
		{935D67A0-931E-46DE-9F6A-2D6DBC99AFF3}.Debug|x64.Build.0 = Debug|x64
		{935D67A0-931E-46DE-9F6A-2D6DBC99AFF3}.Debug|x86.ActiveCfg = Debug|x86
		{935D67A0-931E-46DE-9F6A-2D6DBC99AFF3}.Debug|x86.Build.0 = Debug|x86
		{935D67A0-931E-46DE-9F6A-2D6DBC99AFF3}.Release|Any CPU.ActiveCfg = Release|Any CPU
		{935D67A0-931E-46DE-9F6A-2D6DBC99AFF3}.Release|Any CPU.Build.0 = Release|Any CPU
		{935D67A0-931E-46DE-9F6A-2D6DBC99AFF3}.Release|Mixed Platforms.ActiveCfg = Release|x86
		{935D67A0-931E-46DE-9F6A-2D6DBC99AFF3}.Release|Mixed Platforms.Build.0 = Release|x86
		{935D67A0-931E-46DE-9F6A-2D6DBC99AFF3}.Release|Win32.ActiveCfg = Release|x86
		{935D67A0-931E-46DE-9F6A-2D6DBC99AFF3}.Release|Win32.Build.0 = Release|x86
		{935D67A0-931E-46DE-9F6A-2D6DBC99AFF3}.Release|x64.ActiveCfg = Release|x64
		{935D67A0-931E-46DE-9F6A-2D6DBC99AFF3}.Release|x64.Build.0 = Release|x64
		{935D67A0-931E-46DE-9F6A-2D6DBC99AFF3}.Release|x86.ActiveCfg = Release|x86
		{935D67A0-931E-46DE-9F6A-2D6DBC99AFF3}.Release|x86.Build.0 = Release|x86
		{4B12561E-D37B-48A1-B6DB-218E94906C22}.Debug|Any CPU.ActiveCfg = Debug|Any CPU
		{4B12561E-D37B-48A1-B6DB-218E94906C22}.Debug|Any CPU.Build.0 = Debug|Any CPU
		{4B12561E-D37B-48A1-B6DB-218E94906C22}.Debug|Mixed Platforms.ActiveCfg = Debug|x86
		{4B12561E-D37B-48A1-B6DB-218E94906C22}.Debug|Mixed Platforms.Build.0 = Debug|x86
		{4B12561E-D37B-48A1-B6DB-218E94906C22}.Debug|Win32.ActiveCfg = Debug|x86
		{4B12561E-D37B-48A1-B6DB-218E94906C22}.Debug|Win32.Build.0 = Debug|x86
		{4B12561E-D37B-48A1-B6DB-218E94906C22}.Debug|x64.ActiveCfg = Debug|x64
		{4B12561E-D37B-48A1-B6DB-218E94906C22}.Debug|x64.Build.0 = Debug|x64
		{4B12561E-D37B-48A1-B6DB-218E94906C22}.Debug|x86.ActiveCfg = Debug|x86
		{4B12561E-D37B-48A1-B6DB-218E94906C22}.Debug|x86.Build.0 = Debug|x86
		{4B12561E-D37B-48A1-B6DB-218E94906C22}.Release|Any CPU.ActiveCfg = Release|Any CPU
		{4B12561E-D37B-48A1-B6DB-218E94906C22}.Release|Any CPU.Build.0 = Release|Any CPU
		{4B12561E-D37B-48A1-B6DB-218E94906C22}.Release|Mixed Platforms.ActiveCfg = Release|x86
		{4B12561E-D37B-48A1-B6DB-218E94906C22}.Release|Mixed Platforms.Build.0 = Release|x86
		{4B12561E-D37B-48A1-B6DB-218E94906C22}.Release|Win32.ActiveCfg = Release|x86
		{4B12561E-D37B-48A1-B6DB-218E94906C22}.Release|Win32.Build.0 = Release|x86
		{4B12561E-D37B-48A1-B6DB-218E94906C22}.Release|x64.ActiveCfg = Release|x64
		{4B12561E-D37B-48A1-B6DB-218E94906C22}.Release|x64.Build.0 = Release|x64
		{4B12561E-D37B-48A1-B6DB-218E94906C22}.Release|x86.ActiveCfg = Release|x86
		{4B12561E-D37B-48A1-B6DB-218E94906C22}.Release|x86.Build.0 = Release|x86
	EndGlobalSection
	GlobalSection(SolutionProperties) = preSolution
		HideSolutionNode = FALSE
	EndGlobalSection
EndGlobal
