
Microsoft Visual Studio Solution File, Format Version 10.00
# Visual Studio 2008
Project("{FAE04EC0-301F-11D3-BF4B-00C04F79EFBC}") = "SmokedGBSharp", "SmokedGBSharp\SmokedGBSharp.csproj", "{1FE27EC5-F81B-4463-B4CA-65C158E35286}"
EndProject
Project("{FAE04EC0-301F-11D3-BF4B-00C04F79EFBC}") = "AgateLib", "..\..\Agate\trunk\AgateLib\AgateLib.csproj", "{9490B719-829E-43A7-A5FE-8001F8A81759}"
EndProject
Project("{FAE04EC0-301F-11D3-BF4B-00C04F79EFBC}") = "AgateLib.WinForms", "..\..\Agate\trunk\Drivers\AgateLib.WinForms\AgateLib.WinForms.csproj", "{BEF6D67B-4C84-4D3E-8047-6DB2C8754D77}"
EndProject
Project("{FAE04EC0-301F-11D3-BF4B-00C04F79EFBC}") = "AgateSDX", "..\..\Agate\trunk\Drivers\AgateSDX\AgateSDX.csproj", "{EF993B30-D9A9-4962-80BB-6826D39B3465}"
EndProject
Project("{FAE04EC0-301F-11D3-BF4B-00C04F79EFBC}") = "AgateDrawing", "..\..\Agate\trunk\Drivers\AgateDrawing\AgateDrawing.csproj", "{164A785D-924E-40FB-A517-D7E677F3B53A}"
EndProject
Project("{FAE04EC0-301F-11D3-BF4B-00C04F79EFBC}") = "CpuEmulatorGenerator", "CpuEmulatorGenerator\CpuEmulatorGenerator.csproj", "{BA81D960-E683-48DA-9F08-14B6123B3511}"
EndProject
Project("{8BC9CEB8-8B4A-11D0-8D11-00A0C91BC942}") = "SmokedGB", "old-cpp\SmokedGB.vcproj", "{186F6338-7C21-42CB-A93B-B0150CC1DD7D}"
EndProject
Project("{FAE04EC0-301F-11D3-BF4B-00C04F79EFBC}") = "AgateSDL", "..\..\Agate\trunk\Drivers\AgateSDL\AgateSDL.csproj", "{00C7FA95-98F4-43D9-9B63-34122B1DB003}"
EndProject
Global
	GlobalSection(SolutionConfigurationPlatforms) = preSolution
		Debug|Any CPU = Debug|Any CPU
		Debug|Mixed Platforms = Debug|Mixed Platforms
		Debug|Win32 = Debug|Win32
		Debug|x86 = Debug|x86
		Release|Any CPU = Release|Any CPU
		Release|Mixed Platforms = Release|Mixed Platforms
		Release|Win32 = Release|Win32
		Release|x86 = Release|x86
	EndGlobalSection
	GlobalSection(ProjectConfigurationPlatforms) = postSolution
		{1FE27EC5-F81B-4463-B4CA-65C158E35286}.Debug|Any CPU.ActiveCfg = Debug|Any CPU
		{1FE27EC5-F81B-4463-B4CA-65C158E35286}.Debug|Any CPU.Build.0 = Debug|Any CPU
		{1FE27EC5-F81B-4463-B4CA-65C158E35286}.Debug|Mixed Platforms.ActiveCfg = Debug|Any CPU
		{1FE27EC5-F81B-4463-B4CA-65C158E35286}.Debug|Mixed Platforms.Build.0 = Debug|Any CPU
		{1FE27EC5-F81B-4463-B4CA-65C158E35286}.Debug|Win32.ActiveCfg = Debug|Any CPU
		{1FE27EC5-F81B-4463-B4CA-65C158E35286}.Debug|x86.ActiveCfg = Debug|x86
		{1FE27EC5-F81B-4463-B4CA-65C158E35286}.Debug|x86.Build.0 = Debug|x86
		{1FE27EC5-F81B-4463-B4CA-65C158E35286}.Release|Any CPU.ActiveCfg = Release|Any CPU
		{1FE27EC5-F81B-4463-B4CA-65C158E35286}.Release|Any CPU.Build.0 = Release|Any CPU
		{1FE27EC5-F81B-4463-B4CA-65C158E35286}.Release|Mixed Platforms.ActiveCfg = Release|Any CPU
		{1FE27EC5-F81B-4463-B4CA-65C158E35286}.Release|Mixed Platforms.Build.0 = Release|Any CPU
		{1FE27EC5-F81B-4463-B4CA-65C158E35286}.Release|Win32.ActiveCfg = Release|Any CPU
		{1FE27EC5-F81B-4463-B4CA-65C158E35286}.Release|x86.ActiveCfg = Release|x86
		{1FE27EC5-F81B-4463-B4CA-65C158E35286}.Release|x86.Build.0 = Release|x86
		{9490B719-829E-43A7-A5FE-8001F8A81759}.Debug|Any CPU.ActiveCfg = Debug|Any CPU
		{9490B719-829E-43A7-A5FE-8001F8A81759}.Debug|Any CPU.Build.0 = Debug|Any CPU
		{9490B719-829E-43A7-A5FE-8001F8A81759}.Debug|Mixed Platforms.ActiveCfg = Debug|Any CPU
		{9490B719-829E-43A7-A5FE-8001F8A81759}.Debug|Mixed Platforms.Build.0 = Debug|Any CPU
		{9490B719-829E-43A7-A5FE-8001F8A81759}.Debug|Win32.ActiveCfg = Debug|Any CPU
		{9490B719-829E-43A7-A5FE-8001F8A81759}.Debug|x86.ActiveCfg = Debug|x86
		{9490B719-829E-43A7-A5FE-8001F8A81759}.Debug|x86.Build.0 = Debug|x86
		{9490B719-829E-43A7-A5FE-8001F8A81759}.Release|Any CPU.ActiveCfg = Release|Any CPU
		{9490B719-829E-43A7-A5FE-8001F8A81759}.Release|Any CPU.Build.0 = Release|Any CPU
		{9490B719-829E-43A7-A5FE-8001F8A81759}.Release|Mixed Platforms.ActiveCfg = Release|Any CPU
		{9490B719-829E-43A7-A5FE-8001F8A81759}.Release|Mixed Platforms.Build.0 = Release|Any CPU
		{9490B719-829E-43A7-A5FE-8001F8A81759}.Release|Win32.ActiveCfg = Release|Any CPU
		{9490B719-829E-43A7-A5FE-8001F8A81759}.Release|x86.ActiveCfg = Release|x86
		{9490B719-829E-43A7-A5FE-8001F8A81759}.Release|x86.Build.0 = Release|x86
		{BEF6D67B-4C84-4D3E-8047-6DB2C8754D77}.Debug|Any CPU.ActiveCfg = Debug|Any CPU
		{BEF6D67B-4C84-4D3E-8047-6DB2C8754D77}.Debug|Any CPU.Build.0 = Debug|Any CPU
		{BEF6D67B-4C84-4D3E-8047-6DB2C8754D77}.Debug|Mixed Platforms.ActiveCfg = Debug|Any CPU
		{BEF6D67B-4C84-4D3E-8047-6DB2C8754D77}.Debug|Mixed Platforms.Build.0 = Debug|Any CPU
		{BEF6D67B-4C84-4D3E-8047-6DB2C8754D77}.Debug|Win32.ActiveCfg = Debug|Any CPU
		{BEF6D67B-4C84-4D3E-8047-6DB2C8754D77}.Debug|x86.ActiveCfg = Debug|x86
		{BEF6D67B-4C84-4D3E-8047-6DB2C8754D77}.Debug|x86.Build.0 = Debug|x86
		{BEF6D67B-4C84-4D3E-8047-6DB2C8754D77}.Release|Any CPU.ActiveCfg = Release|Any CPU
		{BEF6D67B-4C84-4D3E-8047-6DB2C8754D77}.Release|Any CPU.Build.0 = Release|Any CPU
		{BEF6D67B-4C84-4D3E-8047-6DB2C8754D77}.Release|Mixed Platforms.ActiveCfg = Release|Any CPU
		{BEF6D67B-4C84-4D3E-8047-6DB2C8754D77}.Release|Mixed Platforms.Build.0 = Release|Any CPU
		{BEF6D67B-4C84-4D3E-8047-6DB2C8754D77}.Release|Win32.ActiveCfg = Release|Any CPU
		{BEF6D67B-4C84-4D3E-8047-6DB2C8754D77}.Release|x86.ActiveCfg = Release|x86
		{BEF6D67B-4C84-4D3E-8047-6DB2C8754D77}.Release|x86.Build.0 = Release|x86
		{EF993B30-D9A9-4962-80BB-6826D39B3465}.Debug|Any CPU.ActiveCfg = Debug|Any CPU
		{EF993B30-D9A9-4962-80BB-6826D39B3465}.Debug|Any CPU.Build.0 = Debug|Any CPU
		{EF993B30-D9A9-4962-80BB-6826D39B3465}.Debug|Mixed Platforms.ActiveCfg = Debug|Any CPU
		{EF993B30-D9A9-4962-80BB-6826D39B3465}.Debug|Mixed Platforms.Build.0 = Debug|Any CPU
		{EF993B30-D9A9-4962-80BB-6826D39B3465}.Debug|Win32.ActiveCfg = Debug|Any CPU
		{EF993B30-D9A9-4962-80BB-6826D39B3465}.Debug|x86.ActiveCfg = Debug|x86
		{EF993B30-D9A9-4962-80BB-6826D39B3465}.Debug|x86.Build.0 = Debug|x86
		{EF993B30-D9A9-4962-80BB-6826D39B3465}.Release|Any CPU.ActiveCfg = Release|Any CPU
		{EF993B30-D9A9-4962-80BB-6826D39B3465}.Release|Any CPU.Build.0 = Release|Any CPU
		{EF993B30-D9A9-4962-80BB-6826D39B3465}.Release|Mixed Platforms.ActiveCfg = Release|Any CPU
		{EF993B30-D9A9-4962-80BB-6826D39B3465}.Release|Mixed Platforms.Build.0 = Release|Any CPU
		{EF993B30-D9A9-4962-80BB-6826D39B3465}.Release|Win32.ActiveCfg = Release|Any CPU
		{EF993B30-D9A9-4962-80BB-6826D39B3465}.Release|x86.ActiveCfg = Release|x86
		{EF993B30-D9A9-4962-80BB-6826D39B3465}.Release|x86.Build.0 = Release|x86
		{164A785D-924E-40FB-A517-D7E677F3B53A}.Debug|Any CPU.ActiveCfg = Debug|Any CPU
		{164A785D-924E-40FB-A517-D7E677F3B53A}.Debug|Any CPU.Build.0 = Debug|Any CPU
		{164A785D-924E-40FB-A517-D7E677F3B53A}.Debug|Mixed Platforms.ActiveCfg = Debug|Any CPU
		{164A785D-924E-40FB-A517-D7E677F3B53A}.Debug|Mixed Platforms.Build.0 = Debug|Any CPU
		{164A785D-924E-40FB-A517-D7E677F3B53A}.Debug|Win32.ActiveCfg = Debug|Any CPU
		{164A785D-924E-40FB-A517-D7E677F3B53A}.Debug|x86.ActiveCfg = Debug|x86
		{164A785D-924E-40FB-A517-D7E677F3B53A}.Debug|x86.Build.0 = Debug|x86
		{164A785D-924E-40FB-A517-D7E677F3B53A}.Release|Any CPU.ActiveCfg = Release|Any CPU
		{164A785D-924E-40FB-A517-D7E677F3B53A}.Release|Any CPU.Build.0 = Release|Any CPU
		{164A785D-924E-40FB-A517-D7E677F3B53A}.Release|Mixed Platforms.ActiveCfg = Release|Any CPU
		{164A785D-924E-40FB-A517-D7E677F3B53A}.Release|Mixed Platforms.Build.0 = Release|Any CPU
		{164A785D-924E-40FB-A517-D7E677F3B53A}.Release|Win32.ActiveCfg = Release|Any CPU
		{164A785D-924E-40FB-A517-D7E677F3B53A}.Release|x86.ActiveCfg = Release|x86
		{164A785D-924E-40FB-A517-D7E677F3B53A}.Release|x86.Build.0 = Release|x86
		{BA81D960-E683-48DA-9F08-14B6123B3511}.Debug|Any CPU.ActiveCfg = Debug|Any CPU
		{BA81D960-E683-48DA-9F08-14B6123B3511}.Debug|Any CPU.Build.0 = Debug|Any CPU
		{BA81D960-E683-48DA-9F08-14B6123B3511}.Debug|Mixed Platforms.ActiveCfg = Debug|Any CPU
		{BA81D960-E683-48DA-9F08-14B6123B3511}.Debug|Mixed Platforms.Build.0 = Debug|Any CPU
		{BA81D960-E683-48DA-9F08-14B6123B3511}.Debug|Win32.ActiveCfg = Debug|Any CPU
		{BA81D960-E683-48DA-9F08-14B6123B3511}.Debug|x86.ActiveCfg = Debug|x86
		{BA81D960-E683-48DA-9F08-14B6123B3511}.Debug|x86.Build.0 = Debug|x86
		{BA81D960-E683-48DA-9F08-14B6123B3511}.Release|Any CPU.ActiveCfg = Release|Any CPU
		{BA81D960-E683-48DA-9F08-14B6123B3511}.Release|Any CPU.Build.0 = Release|Any CPU
		{BA81D960-E683-48DA-9F08-14B6123B3511}.Release|Mixed Platforms.ActiveCfg = Release|Any CPU
		{BA81D960-E683-48DA-9F08-14B6123B3511}.Release|Mixed Platforms.Build.0 = Release|Any CPU
		{BA81D960-E683-48DA-9F08-14B6123B3511}.Release|Win32.ActiveCfg = Release|Any CPU
		{BA81D960-E683-48DA-9F08-14B6123B3511}.Release|x86.ActiveCfg = Release|x86
		{BA81D960-E683-48DA-9F08-14B6123B3511}.Release|x86.Build.0 = Release|x86
		{186F6338-7C21-42CB-A93B-B0150CC1DD7D}.Debug|Any CPU.ActiveCfg = Debug|Win32
		{186F6338-7C21-42CB-A93B-B0150CC1DD7D}.Debug|Mixed Platforms.ActiveCfg = Debug|Win32
		{186F6338-7C21-42CB-A93B-B0150CC1DD7D}.Debug|Mixed Platforms.Build.0 = Debug|Win32
		{186F6338-7C21-42CB-A93B-B0150CC1DD7D}.Debug|Win32.ActiveCfg = Debug|Win32
		{186F6338-7C21-42CB-A93B-B0150CC1DD7D}.Debug|Win32.Build.0 = Debug|Win32
		{186F6338-7C21-42CB-A93B-B0150CC1DD7D}.Debug|x86.ActiveCfg = Debug|Win32
		{186F6338-7C21-42CB-A93B-B0150CC1DD7D}.Release|Any CPU.ActiveCfg = Release|Win32
		{186F6338-7C21-42CB-A93B-B0150CC1DD7D}.Release|Mixed Platforms.ActiveCfg = Release|Win32
		{186F6338-7C21-42CB-A93B-B0150CC1DD7D}.Release|Mixed Platforms.Build.0 = Release|Win32
		{186F6338-7C21-42CB-A93B-B0150CC1DD7D}.Release|Win32.ActiveCfg = Release|Win32
		{186F6338-7C21-42CB-A93B-B0150CC1DD7D}.Release|Win32.Build.0 = Release|Win32
		{186F6338-7C21-42CB-A93B-B0150CC1DD7D}.Release|x86.ActiveCfg = Release|Win32
		{00C7FA95-98F4-43D9-9B63-34122B1DB003}.Debug|Any CPU.ActiveCfg = Debug|Any CPU
		{00C7FA95-98F4-43D9-9B63-34122B1DB003}.Debug|Any CPU.Build.0 = Debug|Any CPU
		{00C7FA95-98F4-43D9-9B63-34122B1DB003}.Debug|Mixed Platforms.ActiveCfg = Debug|Any CPU
		{00C7FA95-98F4-43D9-9B63-34122B1DB003}.Debug|Mixed Platforms.Build.0 = Debug|Any CPU
		{00C7FA95-98F4-43D9-9B63-34122B1DB003}.Debug|Win32.ActiveCfg = Debug|Any CPU
		{00C7FA95-98F4-43D9-9B63-34122B1DB003}.Debug|x86.ActiveCfg = Debug|x86
		{00C7FA95-98F4-43D9-9B63-34122B1DB003}.Debug|x86.Build.0 = Debug|x86
		{00C7FA95-98F4-43D9-9B63-34122B1DB003}.Release|Any CPU.ActiveCfg = Release|Any CPU
		{00C7FA95-98F4-43D9-9B63-34122B1DB003}.Release|Any CPU.Build.0 = Release|Any CPU
		{00C7FA95-98F4-43D9-9B63-34122B1DB003}.Release|Mixed Platforms.ActiveCfg = Release|Any CPU
		{00C7FA95-98F4-43D9-9B63-34122B1DB003}.Release|Mixed Platforms.Build.0 = Release|Any CPU
		{00C7FA95-98F4-43D9-9B63-34122B1DB003}.Release|Win32.ActiveCfg = Release|Any CPU
		{00C7FA95-98F4-43D9-9B63-34122B1DB003}.Release|x86.ActiveCfg = Release|x86
		{00C7FA95-98F4-43D9-9B63-34122B1DB003}.Release|x86.Build.0 = Release|x86
	EndGlobalSection
	GlobalSection(SolutionProperties) = preSolution
		HideSolutionNode = FALSE
	EndGlobalSection
EndGlobal
