
Microsoft Visual Studio Solution File, Format Version 12.00
# Visual Studio 14
VisualStudioVersion = 14.0.25420.1
MinimumVisualStudioVersion = 10.0.40219.1
Project("{FAE04EC0-301F-11D3-BF4B-00C04F79EFBC}") = "SmokedGB", "SmokedGB\SmokedGB.csproj", "{1FE27EC5-F81B-4463-B4CA-65C158E35286}"
EndProject
Project("{FAE04EC0-301F-11D3-BF4B-00C04F79EFBC}") = "CpuEmulatorGenerator", "CpuEmulatorGenerator\CpuEmulatorGenerator.csproj", "{BA81D960-E683-48DA-9F08-14B6123B3511}"
EndProject
Project("{FAE04EC0-301F-11D3-BF4B-00C04F79EFBC}") = "SmokedGB.UnitTests", "SmokedGB.UnitTests\SmokedGB.UnitTests.csproj", "{476DE15C-3AEE-4F8D-A239-669631AB1CF3}"
EndProject
Project("{2150E333-8FDC-42A3-9474-1A3956D46DE8}") = "Solution Items", "Solution Items", "{E8ADBADD-20EB-4F2F-8DFB-348EE8FC5F3D}"
	ProjectSection(SolutionItems) = preProject
		.gitignore = .gitignore
		Build.bat = Build.bat
		Coverage.bat = Coverage.bat
		IntegrationTest.bat = IntegrationTest.bat
		UnitTest.bat = UnitTest.bat
	EndProjectSection
EndProject
Global
	GlobalSection(SolutionConfigurationPlatforms) = preSolution
		Debug|Any CPU = Debug|Any CPU
		Release|Any CPU = Release|Any CPU
	EndGlobalSection
	GlobalSection(ProjectConfigurationPlatforms) = postSolution
		{1FE27EC5-F81B-4463-B4CA-65C158E35286}.Debug|Any CPU.ActiveCfg = Debug|Any CPU
		{1FE27EC5-F81B-4463-B4CA-65C158E35286}.Debug|Any CPU.Build.0 = Debug|Any CPU
		{1FE27EC5-F81B-4463-B4CA-65C158E35286}.Release|Any CPU.ActiveCfg = Release|Any CPU
		{1FE27EC5-F81B-4463-B4CA-65C158E35286}.Release|Any CPU.Build.0 = Release|Any CPU
		{BA81D960-E683-48DA-9F08-14B6123B3511}.Debug|Any CPU.ActiveCfg = Debug|Any CPU
		{BA81D960-E683-48DA-9F08-14B6123B3511}.Debug|Any CPU.Build.0 = Debug|Any CPU
		{BA81D960-E683-48DA-9F08-14B6123B3511}.Release|Any CPU.ActiveCfg = Release|Any CPU
		{BA81D960-E683-48DA-9F08-14B6123B3511}.Release|Any CPU.Build.0 = Release|Any CPU
		{476DE15C-3AEE-4F8D-A239-669631AB1CF3}.Debug|Any CPU.ActiveCfg = Debug|Any CPU
		{476DE15C-3AEE-4F8D-A239-669631AB1CF3}.Debug|Any CPU.Build.0 = Debug|Any CPU
		{476DE15C-3AEE-4F8D-A239-669631AB1CF3}.Release|Any CPU.ActiveCfg = Release|Any CPU
		{476DE15C-3AEE-4F8D-A239-669631AB1CF3}.Release|Any CPU.Build.0 = Release|Any CPU
	EndGlobalSection
	GlobalSection(SolutionProperties) = preSolution
		HideSolutionNode = FALSE
	EndGlobalSection
EndGlobal
