
Microsoft Visual Studio Solution File, Format Version 12.00
# Visual Studio 15
VisualStudioVersion = 15.0.28010.2036
MinimumVisualStudioVersion = 10.0.40219.1
Project("{FAE04EC0-301F-11D3-BF4B-00C04F79EFBC}") = "SmokedGB", "SmokedGB\SmokedGB.csproj", "{1FE27EC5-F81B-4463-B4CA-65C158E35286}"
EndProject
Project("{FAE04EC0-301F-11D3-BF4B-00C04F79EFBC}") = "CpuEmulatorGenerator", "CpuEmulatorGenerator\CpuEmulatorGenerator.csproj", "{BA81D960-E683-48DA-9F08-14B6123B3511}"
EndProject
Project("{FAE04EC0-301F-11D3-BF4B-00C04F79EFBC}") = "SmokedGB.UnitTests", "SmokedGB.UnitTests\SmokedGB.UnitTests.csproj", "{476DE15C-3AEE-4F8D-A239-669631AB1CF3}"
EndProject
Project("{2150E333-8FDC-42A3-9474-1A3956D46DE8}") = "Solution Items", "Solution Items", "{E8ADBADD-20EB-4F2F-8DFB-348EE8FC5F3D}"
	ProjectSection(SolutionItems) = preProject
		.gitignore = .gitignore
		Build-All.bat = Build-All.bat
		Build.bat = Build.bat
		Build.ps1 = Build.ps1
		COPYING.txt = COPYING.txt
		Coverage.bat = Coverage.bat
		deploy.sh = deploy.sh
		IntegrationTest.bat = IntegrationTest.bat
		Package.bat = Package.bat
		Package.ps1 = Package.ps1
		UnitTest.bat = UnitTest.bat
	EndProjectSection
EndProject
Project("{2150E333-8FDC-42A3-9474-1A3956D46DE8}") = "AgateLib", "AgateLib", "{9EBA950A-3449-4CB7-A3A8-B0A79CAEB21A}"
EndProject
Project("{FAE04EC0-301F-11D3-BF4B-00C04F79EFBC}") = "AgateLib", "AgateLib\AgateLib\AgateLib.csproj", "{9490B719-829E-43A7-A5FE-8001F8A81759}"
EndProject
Project("{FAE04EC0-301F-11D3-BF4B-00C04F79EFBC}") = "AgateLib.OpenGL", "AgateLib\AgateLib.OpenGL\AgateLib.OpenGL.csproj", "{94734E5A-0344-43E8-BB30-E32E3F57F611}"
EndProject
Project("{FAE04EC0-301F-11D3-BF4B-00C04F79EFBC}") = "AgateLib.Platform.WinForms", "AgateLib\AgateLib.Platform.WinForms\AgateLib.Platform.WinForms.csproj", "{4B12561E-D37B-48A1-B6DB-218E94906C22}"
EndProject
Project("{FAE04EC0-301F-11D3-BF4B-00C04F79EFBC}") = "AgateLib.SDL", "AgateLib\AgateLib.SDL\AgateLib.SDL.csproj", "{935D67A0-931E-46DE-9F6A-2D6DBC99AFF3}"
EndProject
Project("{FAE04EC0-301F-11D3-BF4B-00C04F79EFBC}") = "AgateLib.Platform.Test", "AgateLib\AgateLib.Platform.Test\AgateLib.Platform.Test.csproj", "{8092E103-5700-4D09-B315-192F0E792C45}"
EndProject
Global
	GlobalSection(SolutionConfigurationPlatforms) = preSolution
		Debug|Any CPU = Debug|Any CPU
		Debug|ARM = Debug|ARM
		Debug|x64 = Debug|x64
		Debug|x86 = Debug|x86
		Release|Any CPU = Release|Any CPU
		Release|ARM = Release|ARM
		Release|x64 = Release|x64
		Release|x86 = Release|x86
	EndGlobalSection
	GlobalSection(ProjectConfigurationPlatforms) = postSolution
		{1FE27EC5-F81B-4463-B4CA-65C158E35286}.Debug|Any CPU.ActiveCfg = Debug|Any CPU
		{1FE27EC5-F81B-4463-B4CA-65C158E35286}.Debug|Any CPU.Build.0 = Debug|Any CPU
		{1FE27EC5-F81B-4463-B4CA-65C158E35286}.Debug|ARM.ActiveCfg = Debug|Any CPU
		{1FE27EC5-F81B-4463-B4CA-65C158E35286}.Debug|ARM.Build.0 = Debug|Any CPU
		{1FE27EC5-F81B-4463-B4CA-65C158E35286}.Debug|x64.ActiveCfg = Debug|Any CPU
		{1FE27EC5-F81B-4463-B4CA-65C158E35286}.Debug|x64.Build.0 = Debug|Any CPU
		{1FE27EC5-F81B-4463-B4CA-65C158E35286}.Debug|x86.ActiveCfg = Debug|x86
		{1FE27EC5-F81B-4463-B4CA-65C158E35286}.Debug|x86.Build.0 = Debug|x86
		{1FE27EC5-F81B-4463-B4CA-65C158E35286}.Release|Any CPU.ActiveCfg = Release|Any CPU
		{1FE27EC5-F81B-4463-B4CA-65C158E35286}.Release|Any CPU.Build.0 = Release|Any CPU
		{1FE27EC5-F81B-4463-B4CA-65C158E35286}.Release|ARM.ActiveCfg = Release|Any CPU
		{1FE27EC5-F81B-4463-B4CA-65C158E35286}.Release|ARM.Build.0 = Release|Any CPU
		{1FE27EC5-F81B-4463-B4CA-65C158E35286}.Release|x64.ActiveCfg = Release|Any CPU
		{1FE27EC5-F81B-4463-B4CA-65C158E35286}.Release|x64.Build.0 = Release|Any CPU
		{1FE27EC5-F81B-4463-B4CA-65C158E35286}.Release|x86.ActiveCfg = Release|x86
		{1FE27EC5-F81B-4463-B4CA-65C158E35286}.Release|x86.Build.0 = Release|x86
		{BA81D960-E683-48DA-9F08-14B6123B3511}.Debug|Any CPU.ActiveCfg = Debug|Any CPU
		{BA81D960-E683-48DA-9F08-14B6123B3511}.Debug|Any CPU.Build.0 = Debug|Any CPU
		{BA81D960-E683-48DA-9F08-14B6123B3511}.Debug|ARM.ActiveCfg = Debug|Any CPU
		{BA81D960-E683-48DA-9F08-14B6123B3511}.Debug|ARM.Build.0 = Debug|Any CPU
		{BA81D960-E683-48DA-9F08-14B6123B3511}.Debug|x64.ActiveCfg = Debug|Any CPU
		{BA81D960-E683-48DA-9F08-14B6123B3511}.Debug|x64.Build.0 = Debug|Any CPU
		{BA81D960-E683-48DA-9F08-14B6123B3511}.Debug|x86.ActiveCfg = Debug|x86
		{BA81D960-E683-48DA-9F08-14B6123B3511}.Debug|x86.Build.0 = Debug|x86
		{BA81D960-E683-48DA-9F08-14B6123B3511}.Release|Any CPU.ActiveCfg = Release|Any CPU
		{BA81D960-E683-48DA-9F08-14B6123B3511}.Release|Any CPU.Build.0 = Release|Any CPU
		{BA81D960-E683-48DA-9F08-14B6123B3511}.Release|ARM.ActiveCfg = Release|Any CPU
		{BA81D960-E683-48DA-9F08-14B6123B3511}.Release|ARM.Build.0 = Release|Any CPU
		{BA81D960-E683-48DA-9F08-14B6123B3511}.Release|x64.ActiveCfg = Release|Any CPU
		{BA81D960-E683-48DA-9F08-14B6123B3511}.Release|x64.Build.0 = Release|Any CPU
		{BA81D960-E683-48DA-9F08-14B6123B3511}.Release|x86.ActiveCfg = Release|x86
		{BA81D960-E683-48DA-9F08-14B6123B3511}.Release|x86.Build.0 = Release|x86
		{476DE15C-3AEE-4F8D-A239-669631AB1CF3}.Debug|Any CPU.ActiveCfg = Debug|Any CPU
		{476DE15C-3AEE-4F8D-A239-669631AB1CF3}.Debug|Any CPU.Build.0 = Debug|Any CPU
		{476DE15C-3AEE-4F8D-A239-669631AB1CF3}.Debug|ARM.ActiveCfg = Debug|Any CPU
		{476DE15C-3AEE-4F8D-A239-669631AB1CF3}.Debug|ARM.Build.0 = Debug|Any CPU
		{476DE15C-3AEE-4F8D-A239-669631AB1CF3}.Debug|x64.ActiveCfg = Debug|Any CPU
		{476DE15C-3AEE-4F8D-A239-669631AB1CF3}.Debug|x64.Build.0 = Debug|Any CPU
		{476DE15C-3AEE-4F8D-A239-669631AB1CF3}.Debug|x86.ActiveCfg = Debug|Any CPU
		{476DE15C-3AEE-4F8D-A239-669631AB1CF3}.Debug|x86.Build.0 = Debug|Any CPU
		{476DE15C-3AEE-4F8D-A239-669631AB1CF3}.Release|Any CPU.ActiveCfg = Release|Any CPU
		{476DE15C-3AEE-4F8D-A239-669631AB1CF3}.Release|Any CPU.Build.0 = Release|Any CPU
		{476DE15C-3AEE-4F8D-A239-669631AB1CF3}.Release|ARM.ActiveCfg = Release|Any CPU
		{476DE15C-3AEE-4F8D-A239-669631AB1CF3}.Release|ARM.Build.0 = Release|Any CPU
		{476DE15C-3AEE-4F8D-A239-669631AB1CF3}.Release|x64.ActiveCfg = Release|Any CPU
		{476DE15C-3AEE-4F8D-A239-669631AB1CF3}.Release|x64.Build.0 = Release|Any CPU
		{476DE15C-3AEE-4F8D-A239-669631AB1CF3}.Release|x86.ActiveCfg = Release|Any CPU
		{476DE15C-3AEE-4F8D-A239-669631AB1CF3}.Release|x86.Build.0 = Release|Any CPU
		{9490B719-829E-43A7-A5FE-8001F8A81759}.Debug|Any CPU.ActiveCfg = Debug|Any CPU
		{9490B719-829E-43A7-A5FE-8001F8A81759}.Debug|Any CPU.Build.0 = Debug|Any CPU
		{9490B719-829E-43A7-A5FE-8001F8A81759}.Debug|ARM.ActiveCfg = Debug|ARM
		{9490B719-829E-43A7-A5FE-8001F8A81759}.Debug|ARM.Build.0 = Debug|ARM
		{9490B719-829E-43A7-A5FE-8001F8A81759}.Debug|x64.ActiveCfg = Debug|x64
		{9490B719-829E-43A7-A5FE-8001F8A81759}.Debug|x64.Build.0 = Debug|x64
		{9490B719-829E-43A7-A5FE-8001F8A81759}.Debug|x86.ActiveCfg = Debug|x86
		{9490B719-829E-43A7-A5FE-8001F8A81759}.Debug|x86.Build.0 = Debug|x86
		{9490B719-829E-43A7-A5FE-8001F8A81759}.Release|Any CPU.ActiveCfg = Release|Any CPU
		{9490B719-829E-43A7-A5FE-8001F8A81759}.Release|Any CPU.Build.0 = Release|Any CPU
		{9490B719-829E-43A7-A5FE-8001F8A81759}.Release|ARM.ActiveCfg = Release|ARM
		{9490B719-829E-43A7-A5FE-8001F8A81759}.Release|ARM.Build.0 = Release|ARM
		{9490B719-829E-43A7-A5FE-8001F8A81759}.Release|x64.ActiveCfg = Release|x64
		{9490B719-829E-43A7-A5FE-8001F8A81759}.Release|x64.Build.0 = Release|x64
		{9490B719-829E-43A7-A5FE-8001F8A81759}.Release|x86.ActiveCfg = Release|x86
		{9490B719-829E-43A7-A5FE-8001F8A81759}.Release|x86.Build.0 = Release|x86
		{94734E5A-0344-43E8-BB30-E32E3F57F611}.Debug|Any CPU.ActiveCfg = Debug|Any CPU
		{94734E5A-0344-43E8-BB30-E32E3F57F611}.Debug|Any CPU.Build.0 = Debug|Any CPU
		{94734E5A-0344-43E8-BB30-E32E3F57F611}.Debug|ARM.ActiveCfg = Debug|Any CPU
		{94734E5A-0344-43E8-BB30-E32E3F57F611}.Debug|ARM.Build.0 = Debug|Any CPU
		{94734E5A-0344-43E8-BB30-E32E3F57F611}.Debug|x64.ActiveCfg = Debug|x64
		{94734E5A-0344-43E8-BB30-E32E3F57F611}.Debug|x64.Build.0 = Debug|x64
		{94734E5A-0344-43E8-BB30-E32E3F57F611}.Debug|x86.ActiveCfg = Debug|x86
		{94734E5A-0344-43E8-BB30-E32E3F57F611}.Debug|x86.Build.0 = Debug|x86
		{94734E5A-0344-43E8-BB30-E32E3F57F611}.Release|Any CPU.ActiveCfg = Release|Any CPU
		{94734E5A-0344-43E8-BB30-E32E3F57F611}.Release|Any CPU.Build.0 = Release|Any CPU
		{94734E5A-0344-43E8-BB30-E32E3F57F611}.Release|ARM.ActiveCfg = Release|Any CPU
		{94734E5A-0344-43E8-BB30-E32E3F57F611}.Release|ARM.Build.0 = Release|Any CPU
		{94734E5A-0344-43E8-BB30-E32E3F57F611}.Release|x64.ActiveCfg = Release|x64
		{94734E5A-0344-43E8-BB30-E32E3F57F611}.Release|x64.Build.0 = Release|x64
		{94734E5A-0344-43E8-BB30-E32E3F57F611}.Release|x86.ActiveCfg = Release|x86
		{94734E5A-0344-43E8-BB30-E32E3F57F611}.Release|x86.Build.0 = Release|x86
		{4B12561E-D37B-48A1-B6DB-218E94906C22}.Debug|Any CPU.ActiveCfg = Debug|Any CPU
		{4B12561E-D37B-48A1-B6DB-218E94906C22}.Debug|Any CPU.Build.0 = Debug|Any CPU
		{4B12561E-D37B-48A1-B6DB-218E94906C22}.Debug|ARM.ActiveCfg = Debug|Any CPU
		{4B12561E-D37B-48A1-B6DB-218E94906C22}.Debug|ARM.Build.0 = Debug|Any CPU
		{4B12561E-D37B-48A1-B6DB-218E94906C22}.Debug|x64.ActiveCfg = Debug|x64
		{4B12561E-D37B-48A1-B6DB-218E94906C22}.Debug|x64.Build.0 = Debug|x64
		{4B12561E-D37B-48A1-B6DB-218E94906C22}.Debug|x86.ActiveCfg = Debug|x86
		{4B12561E-D37B-48A1-B6DB-218E94906C22}.Debug|x86.Build.0 = Debug|x86
		{4B12561E-D37B-48A1-B6DB-218E94906C22}.Release|Any CPU.ActiveCfg = Release|Any CPU
		{4B12561E-D37B-48A1-B6DB-218E94906C22}.Release|Any CPU.Build.0 = Release|Any CPU
		{4B12561E-D37B-48A1-B6DB-218E94906C22}.Release|ARM.ActiveCfg = Release|Any CPU
		{4B12561E-D37B-48A1-B6DB-218E94906C22}.Release|ARM.Build.0 = Release|Any CPU
		{4B12561E-D37B-48A1-B6DB-218E94906C22}.Release|x64.ActiveCfg = Release|x64
		{4B12561E-D37B-48A1-B6DB-218E94906C22}.Release|x64.Build.0 = Release|x64
		{4B12561E-D37B-48A1-B6DB-218E94906C22}.Release|x86.ActiveCfg = Release|x86
		{4B12561E-D37B-48A1-B6DB-218E94906C22}.Release|x86.Build.0 = Release|x86
		{935D67A0-931E-46DE-9F6A-2D6DBC99AFF3}.Debug|Any CPU.ActiveCfg = Debug|Any CPU
		{935D67A0-931E-46DE-9F6A-2D6DBC99AFF3}.Debug|Any CPU.Build.0 = Debug|Any CPU
		{935D67A0-931E-46DE-9F6A-2D6DBC99AFF3}.Debug|ARM.ActiveCfg = Debug|Any CPU
		{935D67A0-931E-46DE-9F6A-2D6DBC99AFF3}.Debug|ARM.Build.0 = Debug|Any CPU
		{935D67A0-931E-46DE-9F6A-2D6DBC99AFF3}.Debug|x64.ActiveCfg = Debug|x64
		{935D67A0-931E-46DE-9F6A-2D6DBC99AFF3}.Debug|x64.Build.0 = Debug|x64
		{935D67A0-931E-46DE-9F6A-2D6DBC99AFF3}.Debug|x86.ActiveCfg = Debug|x86
		{935D67A0-931E-46DE-9F6A-2D6DBC99AFF3}.Debug|x86.Build.0 = Debug|x86
		{935D67A0-931E-46DE-9F6A-2D6DBC99AFF3}.Release|Any CPU.ActiveCfg = Release|Any CPU
		{935D67A0-931E-46DE-9F6A-2D6DBC99AFF3}.Release|Any CPU.Build.0 = Release|Any CPU
		{935D67A0-931E-46DE-9F6A-2D6DBC99AFF3}.Release|ARM.ActiveCfg = Release|Any CPU
		{935D67A0-931E-46DE-9F6A-2D6DBC99AFF3}.Release|ARM.Build.0 = Release|Any CPU
		{935D67A0-931E-46DE-9F6A-2D6DBC99AFF3}.Release|x64.ActiveCfg = Release|x64
		{935D67A0-931E-46DE-9F6A-2D6DBC99AFF3}.Release|x64.Build.0 = Release|x64
		{935D67A0-931E-46DE-9F6A-2D6DBC99AFF3}.Release|x86.ActiveCfg = Release|x86
		{935D67A0-931E-46DE-9F6A-2D6DBC99AFF3}.Release|x86.Build.0 = Release|x86
		{8092E103-5700-4D09-B315-192F0E792C45}.Debug|Any CPU.ActiveCfg = Debug|Any CPU
		{8092E103-5700-4D09-B315-192F0E792C45}.Debug|Any CPU.Build.0 = Debug|Any CPU
		{8092E103-5700-4D09-B315-192F0E792C45}.Debug|ARM.ActiveCfg = Debug|ARM
		{8092E103-5700-4D09-B315-192F0E792C45}.Debug|ARM.Build.0 = Debug|ARM
		{8092E103-5700-4D09-B315-192F0E792C45}.Debug|x64.ActiveCfg = Debug|x64
		{8092E103-5700-4D09-B315-192F0E792C45}.Debug|x64.Build.0 = Debug|x64
		{8092E103-5700-4D09-B315-192F0E792C45}.Debug|x86.ActiveCfg = Debug|x86
		{8092E103-5700-4D09-B315-192F0E792C45}.Debug|x86.Build.0 = Debug|x86
		{8092E103-5700-4D09-B315-192F0E792C45}.Release|Any CPU.ActiveCfg = Release|Any CPU
		{8092E103-5700-4D09-B315-192F0E792C45}.Release|Any CPU.Build.0 = Release|Any CPU
		{8092E103-5700-4D09-B315-192F0E792C45}.Release|ARM.ActiveCfg = Release|ARM
		{8092E103-5700-4D09-B315-192F0E792C45}.Release|ARM.Build.0 = Release|ARM
		{8092E103-5700-4D09-B315-192F0E792C45}.Release|x64.ActiveCfg = Release|x64
		{8092E103-5700-4D09-B315-192F0E792C45}.Release|x64.Build.0 = Release|x64
		{8092E103-5700-4D09-B315-192F0E792C45}.Release|x86.ActiveCfg = Release|x86
		{8092E103-5700-4D09-B315-192F0E792C45}.Release|x86.Build.0 = Release|x86
	EndGlobalSection
	GlobalSection(SolutionProperties) = preSolution
		HideSolutionNode = FALSE
	EndGlobalSection
	GlobalSection(NestedProjects) = preSolution
		{9490B719-829E-43A7-A5FE-8001F8A81759} = {9EBA950A-3449-4CB7-A3A8-B0A79CAEB21A}
		{94734E5A-0344-43E8-BB30-E32E3F57F611} = {9EBA950A-3449-4CB7-A3A8-B0A79CAEB21A}
		{4B12561E-D37B-48A1-B6DB-218E94906C22} = {9EBA950A-3449-4CB7-A3A8-B0A79CAEB21A}
		{935D67A0-931E-46DE-9F6A-2D6DBC99AFF3} = {9EBA950A-3449-4CB7-A3A8-B0A79CAEB21A}
		{8092E103-5700-4D09-B315-192F0E792C45} = {9EBA950A-3449-4CB7-A3A8-B0A79CAEB21A}
	EndGlobalSection
	GlobalSection(ExtensibilityGlobals) = postSolution
		SolutionGuid = {CD952AA3-B959-4346-97FE-E522DF0AD748}
	EndGlobalSection
EndGlobal
